#
# This file is autogenerated by pip-compile with Python 3.12
# by the following command:
#
#    pip-compile --output-file=requirements.lock requirements.txt
#
annotated-types==0.7.0
    # via pydantic
anyio==4.9.0
    # via
    #   httpx
    #   starlette
asgiref==3.9.1
    # via opentelemetry-instrumentation-asgi
astroid==3.3.10
    # via pylint
attrs==25.3.0
    # via
    #   grafanalib
    #   jsonschema
    #   referencing
bandit==1.7.8
    # via -r requirements.txt
certifi==2025.6.15
    # via
    #   httpcore
    #   httpx
    #   requests
charset-normalizer==3.4.2
    # via requests
click==8.2.1
    # via
    #   uvicorn
    #   wily
colorama==0.4.6
    # via radon
colorlog==4.8.0
    # via wily
dill==0.4.0
    # via pylint
fastapi==0.116.0
    # via -r requirements.txt
fastjsonschema==2.21.1
    # via nbformat
future==1.0.0
    # via radon
gitdb==4.0.12
    # via gitpython
gitpython==3.1.44
    # via wily
googleapis-common-protos==1.70.0
    # via opentelemetry-exporter-otlp-proto-grpc
grafanalib==0.7.1
    # via -r requirements.txt
grpcio==1.73.1
    # via opentelemetry-exporter-otlp-proto-grpc
h11==0.16.0
    # via
    #   httpcore
    #   uvicorn
httpcore==1.0.9
    # via httpx
httpx==0.27.0
    # via -r requirements.txt
idna==3.10
    # via
    #   anyio
    #   httpx
    #   requests
importlib-metadata==8.7.0
    # via opentelemetry-api
iniconfig==2.1.0
    # via pytest
isort==6.0.1
    # via pylint
jsonschema==4.24.0
    # via
    #   -r requirements.txt
    #   nbformat
jsonschema-specifications==2025.4.1
    # via jsonschema
jupyter-core==5.8.1
    # via nbformat
mando==0.6.4
    # via radon
markdown-it-py==3.0.0
    # via rich
mccabe==0.7.0
    # via pylint
mdurl==0.1.2
    # via markdown-it-py
nbformat==5.10.4
    # via wily
opentelemetry-api==1.34.1
    # via
    #   opentelemetry-exporter-otlp-proto-grpc
    #   opentelemetry-exporter-prometheus
    #   opentelemetry-instrumentation
    #   opentelemetry-instrumentation-asgi
    #   opentelemetry-instrumentation-fastapi
    #   opentelemetry-sdk
    #   opentelemetry-semantic-conventions
opentelemetry-exporter-otlp-proto-common==1.34.1
    # via opentelemetry-exporter-otlp-proto-grpc
opentelemetry-exporter-otlp-proto-grpc==1.34.1
    # via -r requirements.txt
opentelemetry-exporter-prometheus==0.55b1
    # via -r requirements.txt
opentelemetry-instrumentation==0.55b1
    # via
    #   opentelemetry-instrumentation-asgi
    #   opentelemetry-instrumentation-fastapi
opentelemetry-instrumentation-asgi==0.55b1
    # via opentelemetry-instrumentation-fastapi
opentelemetry-instrumentation-fastapi==0.55b1
    # via -r requirements.txt
opentelemetry-proto==1.34.1
    # via
    #   opentelemetry-exporter-otlp-proto-common
    #   opentelemetry-exporter-otlp-proto-grpc
opentelemetry-sdk==1.34.1
    # via
    #   -r requirements.txt
    #   opentelemetry-exporter-otlp-proto-grpc
    #   opentelemetry-exporter-prometheus
opentelemetry-semantic-conventions==0.55b1
    # via
    #   opentelemetry-instrumentation
    #   opentelemetry-instrumentation-asgi
    #   opentelemetry-instrumentation-fastapi
    #   opentelemetry-sdk
opentelemetry-util-http==0.55b1
    # via
    #   opentelemetry-instrumentation-asgi
    #   opentelemetry-instrumentation-fastapi
packaging==25.0
    # via
    #   opentelemetry-instrumentation
    #   plotly
    #   pytest
pbr==6.1.1
    # via stevedore
platformdirs==4.3.8
    # via
    #   jupyter-core
    #   pylint
plotly==5.24.1
    # via wily
pluggy==1.6.0
    # via pytest
progress==1.6.1
    # via wily
prometheus-client==0.22.1
    # via opentelemetry-exporter-prometheus
protobuf==5.29.5
    # via
    #   -r requirements.txt
    #   googleapis-common-protos
    #   opentelemetry-proto
pydantic==2.11.7
    # via fastapi
pydantic-core==2.33.2
    # via pydantic
pygments==2.19.1
    # via
    #   pytest
    #   rich
pylint==3.3.7
    # via -r requirements.txt
pytest==8.4.1
    # via -r requirements.txt
pyyaml==6.0.2
    # via
    #   -r requirements.txt
    #   bandit
radon==5.1.0
    # via
    #   -r requirements.txt
    #   wily
referencing==0.36.2
    # via
    #   jsonschema
    #   jsonschema-specifications
requests==2.32.4
    # via -r requirements.txt
rich==14.0.0
    # via bandit
rpds-py==0.26.0
    # via
    #   jsonschema
    #   referencing
six==1.17.0
    # via mando
smmap==5.0.2
    # via gitdb
sniffio==1.3.1
    # via
    #   anyio
    #   httpx
starlette==0.46.2
    # via fastapi
stevedore==5.4.1
    # via bandit
tabulate==0.9.0
    # via wily
tenacity==9.1.2
    # via plotly
tomlkit==0.13.3
    # via pylint
traitlets==5.14.3
    # via
    #   jupyter-core
    #   nbformat
typing-extensions==4.14.0
    # via
    #   anyio
    #   fastapi
    #   opentelemetry-api
    #   opentelemetry-exporter-otlp-proto-grpc
    #   opentelemetry-sdk
    #   opentelemetry-semantic-conventions
    #   pydantic
    #   pydantic-core
    #   referencing
    #   typing-inspection
typing-inspection==0.4.1
    # via pydantic
urllib3==2.5.0
    # via requests
uvicorn==0.35.0
    # via -r requirements.txt
wily==1.25.0
    # via -r requirements.txt
wrapt==1.17.2
    # via opentelemetry-instrumentation
zipp==3.23.0
    # via importlib-metadata

# The following packages are considered to be unsafe in a requirements file:
# setuptools
